
Microsoft Visual Studio Solution File, Format Version 12.00
# Visual Studio Version 17
VisualStudioVersion = 17.4.33205.214
MinimumVisualStudioVersion = 10.0.40219.1
Project("{9A19103F-16F7-4668-BE54-9A1E7A4F7556}") = "XAF_Example.Module", "XAF_Example.Module\XAF_Example.Module.csproj", "{B62DCF57-444A-4FFA-AA5D-42EEF74C9A21}"
EndProject
Project("{9A19103F-16F7-4668-BE54-9A1E7A4F7556}") = "XAF_Example.WebApi", "XAF_Example.WebApi\XAF_Example.WebApi.csproj", "{12DA2BBB-53D1-4A8A-A94E-A7486F4A69D1}"
EndProject
Project("{9A19103F-16F7-4668-BE54-9A1E7A4F7556}") = "XAF_Example.Win", "XAF_Example.Win\XAF_Example.Win.csproj", "{4E8D26CF-7BD1-4223-8AC2-4B769D127DAC}"
EndProject
Project("{9A19103F-16F7-4668-BE54-9A1E7A4F7556}") = "XAF_Example.Blazor.Server", "XAF_Example.Blazor.Server\XAF_Example.Blazor.Server.csproj", "{B13FFABF-D7B8-48F4-B2F8-6326BCE47FF8}"
EndProject
Global
	GlobalSection(SolutionConfigurationPlatforms) = preSolution
		Debug|Any CPU = Debug|Any CPU
		EasyTest|Any CPU = EasyTest|Any CPU
		Release|Any CPU = Release|Any CPU
	EndGlobalSection
	GlobalSection(ProjectConfigurationPlatforms) = postSolution
		{B62DCF57-444A-4FFA-AA5D-42EEF74C9A21}.Debug|Any CPU.ActiveCfg = Debug|Any CPU
		{B62DCF57-444A-4FFA-AA5D-42EEF74C9A21}.Debug|Any CPU.Build.0 = Debug|Any CPU
		{B62DCF57-444A-4FFA-AA5D-42EEF74C9A21}.EasyTest|Any CPU.ActiveCfg = EasyTest|Any CPU
		{B62DCF57-444A-4FFA-AA5D-42EEF74C9A21}.EasyTest|Any CPU.Build.0 = EasyTest|Any CPU
		{B62DCF57-444A-4FFA-AA5D-42EEF74C9A21}.Release|Any CPU.ActiveCfg = Release|Any CPU
		{B62DCF57-444A-4FFA-AA5D-42EEF74C9A21}.Release|Any CPU.Build.0 = Release|Any CPU
		{12DA2BBB-53D1-4A8A-A94E-A7486F4A69D1}.Debug|Any CPU.ActiveCfg = Debug|Any CPU
		{12DA2BBB-53D1-4A8A-A94E-A7486F4A69D1}.Debug|Any CPU.Build.0 = Debug|Any CPU
		{12DA2BBB-53D1-4A8A-A94E-A7486F4A69D1}.EasyTest|Any CPU.ActiveCfg = EasyTest|Any CPU
		{12DA2BBB-53D1-4A8A-A94E-A7486F4A69D1}.EasyTest|Any CPU.Build.0 = EasyTest|Any CPU
		{12DA2BBB-53D1-4A8A-A94E-A7486F4A69D1}.Release|Any CPU.ActiveCfg = Release|Any CPU
		{12DA2BBB-53D1-4A8A-A94E-A7486F4A69D1}.Release|Any CPU.Build.0 = Release|Any CPU
		{4E8D26CF-7BD1-4223-8AC2-4B769D127DAC}.Debug|Any CPU.ActiveCfg = Debug|Any CPU
		{4E8D26CF-7BD1-4223-8AC2-4B769D127DAC}.Debug|Any CPU.Build.0 = Debug|Any CPU
		{4E8D26CF-7BD1-4223-8AC2-4B769D127DAC}.EasyTest|Any CPU.ActiveCfg = EasyTest|Any CPU
		{4E8D26CF-7BD1-4223-8AC2-4B769D127DAC}.EasyTest|Any CPU.Build.0 = EasyTest|Any CPU
		{4E8D26CF-7BD1-4223-8AC2-4B769D127DAC}.Release|Any CPU.ActiveCfg = Release|Any CPU
		{4E8D26CF-7BD1-4223-8AC2-4B769D127DAC}.Release|Any CPU.Build.0 = Release|Any CPU
		{B13FFABF-D7B8-48F4-B2F8-6326BCE47FF8}.Debug|Any CPU.ActiveCfg = Debug|Any CPU
		{B13FFABF-D7B8-48F4-B2F8-6326BCE47FF8}.Debug|Any CPU.Build.0 = Debug|Any CPU
		{B13FFABF-D7B8-48F4-B2F8-6326BCE47FF8}.EasyTest|Any CPU.ActiveCfg = EasyTest|Any CPU
		{B13FFABF-D7B8-48F4-B2F8-6326BCE47FF8}.EasyTest|Any CPU.Build.0 = EasyTest|Any CPU
		{B13FFABF-D7B8-48F4-B2F8-6326BCE47FF8}.Release|Any CPU.ActiveCfg = Release|Any CPU
		{B13FFABF-D7B8-48F4-B2F8-6326BCE47FF8}.Release|Any CPU.Build.0 = Release|Any CPU
	EndGlobalSection
	GlobalSection(SolutionProperties) = preSolution
		HideSolutionNode = FALSE
	EndGlobalSection
	GlobalSection(ExtensibilityGlobals) = postSolution
		SolutionGuid = {DF3DEC50-1012-4502-8691-B41DD1AD44BE}
	EndGlobalSection
EndGlobal
